// !$*UTF8*$!
{
	archiveVersion = 1;
	classes = {
	};
	objectVersion = 56;
	objects = {

/* Begin PBXBuildFile section */
		0429D0C22BE3B2250036EBA2 /* ChatAIAppApp.swift in Sources */ = {isa = PBXBuildFile; fileRef = 0429D0C12BE3B2250036EBA2 /* ChatAIAppApp.swift */; };
		0429D0C42BE3B2250036EBA2 /* ContentView.swift in Sources */ = {isa = PBXBuildFile; fileRef = 0429D0C32BE3B2250036EBA2 /* ContentView.swift */; };
		0429D0C62BE3B2260036EBA2 /* Assets.xcassets in Resources */ = {isa = PBXBuildFile; fileRef = 0429D0C52BE3B2260036EBA2 /* Assets.xcassets */; };
		0429D0C92BE3B2260036EBA2 /* Preview Assets.xcassets in Resources */ = {isa = PBXBuildFile; fileRef = 0429D0C82BE3B2260036EBA2 /* Preview Assets.xcassets */; };
		0429D0D32BE3B2270036EBA2 /* ChatAIAppTests.swift in Sources */ = {isa = PBXBuildFile; fileRef = 0429D0D22BE3B2270036EBA2 /* ChatAIAppTests.swift */; };
		0429D0DD2BE3B2270036EBA2 /* ChatAIAppUITests.swift in Sources */ = {isa = PBXBuildFile; fileRef = 0429D0DC2BE3B2270036EBA2 /* ChatAIAppUITests.swift */; };
		0429D0DF2BE3B2270036EBA2 /* ChatAIAppUITestsLaunchTests.swift in Sources */ = {isa = PBXBuildFile; fileRef = 0429D0DE2BE3B2270036EBA2 /* ChatAIAppUITestsLaunchTests.swift */; };
		0429D0ED2BE3B2AE0036EBA2 /* OpenAISwift in Frameworks */ = {isa = PBXBuildFile; productRef = 0429D0EC2BE3B2AE0036EBA2 /* OpenAISwift */; };
/* End PBXBuildFile section */

/* Begin PBXContainerItemProxy section */
		0429D0CF2BE3B2270036EBA2 /* PBXContainerItemProxy */ = {
			isa = PBXContainerItemProxy;
			containerPortal = 0429D0B62BE3B2250036EBA2 /* Project object */;
			proxyType = 1;
			remoteGlobalIDString = 0429D0BD2BE3B2250036EBA2;
			remoteInfo = ChatAIApp;
		};
		0429D0D92BE3B2270036EBA2 /* PBXContainerItemProxy */ = {
			isa = PBXContainerItemProxy;
			containerPortal = 0429D0B62BE3B2250036EBA2 /* Project object */;
			proxyType = 1;
			remoteGlobalIDString = 0429D0BD2BE3B2250036EBA2;
			remoteInfo = ChatAIApp;
		};
/* End PBXContainerItemProxy section */

/* Begin PBXFileReference section */
		0429D0BE2BE3B2250036EBA2 /* ChatAIApp.app */ = {isa = PBXFileReference; explicitFileType = wrapper.application; includeInIndex = 0; path = ChatAIApp.app; sourceTree = BUILT_PRODUCTS_DIR; };
		0429D0C12BE3B2250036EBA2 /* ChatAIAppApp.swift */ = {isa = PBXFileReference; lastKnownFileType = sourcecode.swift; path = ChatAIAppApp.swift; sourceTree = "<group>"; };
		0429D0C32BE3B2250036EBA2 /* ContentView.swift */ = {isa = PBXFileReference; lastKnownFileType = sourcecode.swift; path = ContentView.swift; sourceTree = "<group>"; };
		0429D0C52BE3B2260036EBA2 /* Assets.xcassets */ = {isa = PBXFileReference; lastKnownFileType = folder.assetcatalog; path = Assets.xcassets; sourceTree = "<group>"; };
		0429D0C82BE3B2260036EBA2 /* Preview Assets.xcassets */ = {isa = PBXFileReference; lastKnownFileType = folder.assetcatalog; path = "Preview Assets.xcassets"; sourceTree = "<group>"; };
		0429D0CE2BE3B2270036EBA2 /* ChatAIAppTests.xctest */ = {isa = PBXFileReference; explicitFileType = wrapper.cfbundle; includeInIndex = 0; path = ChatAIAppTests.xctest; sourceTree = BUILT_PRODUCTS_DIR; };
		0429D0D22BE3B2270036EBA2 /* ChatAIAppTests.swift */ = {isa = PBXFileReference; lastKnownFileType = sourcecode.swift; path = ChatAIAppTests.swift; sourceTree = "<group>"; };
		0429D0D82BE3B2270036EBA2 /* ChatAIAppUITests.xctest */ = {isa = PBXFileReference; explicitFileType = wrapper.cfbundle; includeInIndex = 0; path = ChatAIAppUITests.xctest; sourceTree = BUILT_PRODUCTS_DIR; };
		0429D0DC2BE3B2270036EBA2 /* ChatAIAppUITests.swift */ = {isa = PBXFileReference; lastKnownFileType = sourcecode.swift; path = ChatAIAppUITests.swift; sourceTree = "<group>"; };
		0429D0DE2BE3B2270036EBA2 /* ChatAIAppUITestsLaunchTests.swift */ = {isa = PBXFileReference; lastKnownFileType = sourcecode.swift; path = ChatAIAppUITestsLaunchTests.swift; sourceTree = "<group>"; };
/* End PBXFileReference section */

/* Begin PBXFrameworksBuildPhase section */
		0429D0BB2BE3B2250036EBA2 /* Frameworks */ = {
			isa = PBXFrameworksBuildPhase;
			buildActionMask = 2147483647;
			files = (
				0429D0ED2BE3B2AE0036EBA2 /* OpenAISwift in Frameworks */,
			);
			runOnlyForDeploymentPostprocessing = 0;
		};
		0429D0CB2BE3B2270036EBA2 /* Frameworks */ = {
			isa = PBXFrameworksBuildPhase;
			buildActionMask = 2147483647;
			files = (
			);
			runOnlyForDeploymentPostprocessing = 0;
		};
		0429D0D52BE3B2270036EBA2 /* Frameworks */ = {
			isa = PBXFrameworksBuildPhase;
			buildActionMask = 2147483647;
			files = (
			);
			runOnlyForDeploymentPostprocessing = 0;
		};
/* End PBXFrameworksBuildPhase section */

/* Begin PBXGroup section */
		0429D0B52BE3B2250036EBA2 = {
			isa = PBXGroup;
			children = (
				0429D0C02BE3B2250036EBA2 /* ChatAIApp */,
				0429D0D12BE3B2270036EBA2 /* ChatAIAppTests */,
				0429D0DB2BE3B2270036EBA2 /* ChatAIAppUITests */,
				0429D0BF2BE3B2250036EBA2 /* Products */,
			);
			sourceTree = "<group>";
		};
		0429D0BF2BE3B2250036EBA2 /* Products */ = {
			isa = PBXGroup;
			children = (
				0429D0BE2BE3B2250036EBA2 /* ChatAIApp.app */,
				0429D0CE2BE3B2270036EBA2 /* ChatAIAppTests.xctest */,
				0429D0D82BE3B2270036EBA2 /* ChatAIAppUITests.xctest */,
			);
			name = Products;
			sourceTree = "<group>";
		};
		0429D0C02BE3B2250036EBA2 /* ChatAIApp */ = {
			isa = PBXGroup;
			children = (
				0429D0C12BE3B2250036EBA2 /* ChatAIAppApp.swift */,
				0429D0C32BE3B2250036EBA2 /* ContentView.swift */,
				0429D0C52BE3B2260036EBA2 /* Assets.xcassets */,
				0429D0C72BE3B2260036EBA2 /* Preview Content */,
			);
			path = ChatAIApp;
			sourceTree = "<group>";
		};
		0429D0C72BE3B2260036EBA2 /* Preview Content */ = {
			isa = PBXGroup;
			children = (
				0429D0C82BE3B2260036EBA2 /* Preview Assets.xcassets */,
			);
			path = "Preview Content";
			sourceTree = "<group>";
		};
		0429D0D12BE3B2270036EBA2 /* ChatAIAppTests */ = {
			isa = PBXGroup;
			children = (
				0429D0D22BE3B2270036EBA2 /* ChatAIAppTests.swift */,
			);
			path = ChatAIAppTests;
			sourceTree = "<group>";
		};
		0429D0DB2BE3B2270036EBA2 /* ChatAIAppUITests */ = {
			isa = PBXGroup;
			children = (
				0429D0DC2BE3B2270036EBA2 /* ChatAIAppUITests.swift */,
				0429D0DE2BE3B2270036EBA2 /* ChatAIAppUITestsLaunchTests.swift */,
			);
			path = ChatAIAppUITests;
			sourceTree = "<group>";
		};
/* End PBXGroup section */

/* Begin PBXNativeTarget section */
		0429D0BD2BE3B2250036EBA2 /* ChatAIApp */ = {
			isa = PBXNativeTarget;
			buildConfigurationList = 0429D0E22BE3B2270036EBA2 /* Build configuration list for PBXNativeTarget "ChatAIApp" */;
			buildPhases = (
				0429D0BA2BE3B2250036EBA2 /* Sources */,
				0429D0BB2BE3B2250036EBA2 /* Frameworks */,
				0429D0BC2BE3B2250036EBA2 /* Resources */,
			);
			buildRules = (
			);
			dependencies = (
			);
			name = ChatAIApp;
			packageProductDependencies = (
				0429D0EC2BE3B2AE0036EBA2 /* OpenAISwift */,
			);
			productName = ChatAIApp;
			productReference = 0429D0BE2BE3B2250036EBA2 /* ChatAIApp.app */;
			productType = "com.apple.product-type.application";
		};
		0429D0CD2BE3B2270036EBA2 /* ChatAIAppTests */ = {
			isa = PBXNativeTarget;
			buildConfigurationList = 0429D0E52BE3B2270036EBA2 /* Build configuration list for PBXNativeTarget "ChatAIAppTests" */;
			buildPhases = (
				0429D0CA2BE3B2270036EBA2 /* Sources */,
				0429D0CB2BE3B2270036EBA2 /* Frameworks */,
				0429D0CC2BE3B2270036EBA2 /* Resources */,
			);
			buildRules = (
			);
			dependencies = (
				0429D0D02BE3B2270036EBA2 /* PBXTargetDependency */,
			);
			name = ChatAIAppTests;
			productName = ChatAIAppTests;
			productReference = 0429D0CE2BE3B2270036EBA2 /* ChatAIAppTests.xctest */;
			productType = "com.apple.product-type.bundle.unit-test";
		};
		0429D0D72BE3B2270036EBA2 /* ChatAIAppUITests */ = {
			isa = PBXNativeTarget;
			buildConfigurationList = 0429D0E82BE3B2270036EBA2 /* Build configuration list for PBXNativeTarget "ChatAIAppUITests" */;
			buildPhases = (
				0429D0D42BE3B2270036EBA2 /* Sources */,
				0429D0D52BE3B2270036EBA2 /* Frameworks */,
				0429D0D62BE3B2270036EBA2 /* Resources */,
			);
			buildRules = (
			);
			dependencies = (
				0429D0DA2BE3B2270036EBA2 /* PBXTargetDependency */,
			);
			name = ChatAIAppUITests;
			productName = ChatAIAppUITests;
			productReference = 0429D0D82BE3B2270036EBA2 /* ChatAIAppUITests.xctest */;
			productType = "com.apple.product-type.bundle.ui-testing";
		};
/* End PBXNativeTarget section */

/* Begin PBXProject section */
		0429D0B62BE3B2250036EBA2 /* Project object */ = {
			isa = PBXProject;
			attributes = {
				BuildIndependentTargetsInParallel = 1;
				LastSwiftUpdateCheck = 1530;
				LastUpgradeCheck = 1530;
				TargetAttributes = {
					0429D0BD2BE3B2250036EBA2 = {
						CreatedOnToolsVersion = 15.3;
					};
					0429D0CD2BE3B2270036EBA2 = {
						CreatedOnToolsVersion = 15.3;
						TestTargetID = 0429D0BD2BE3B2250036EBA2;
					};
					0429D0D72BE3B2270036EBA2 = {
						CreatedOnToolsVersion = 15.3;
						TestTargetID = 0429D0BD2BE3B2250036EBA2;
					};
				};
			};
			buildConfigurationList = 0429D0B92BE3B2250036EBA2 /* Build configuration list for PBXProject "ChatAIApp" */;
			compatibilityVersion = "Xcode 14.0";
			developmentRegion = en;
			hasScannedForEncodings = 0;
			knownRegions = (
				en,
				Base,
			);
			mainGroup = 0429D0B52BE3B2250036EBA2;
			packageReferences = (
				0429D0EB2BE3B2AE0036EBA2 /* XCRemoteSwiftPackageReference "OpenAISwift" */,
			);
			productRefGroup = 0429D0BF2BE3B2250036EBA2 /* Products */;
			projectDirPath = "";
			projectRoot = "";
			targets = (
				0429D0BD2BE3B2250036EBA2 /* ChatAIApp */,
				0429D0CD2BE3B2270036EBA2 /* ChatAIAppTests */,
				0429D0D72BE3B2270036EBA2 /* ChatAIAppUITests */,
			);
		};
/* End PBXProject section */

/* Begin PBXResourcesBuildPhase section */
		0429D0BC2BE3B2250036EBA2 /* Resources */ = {
			isa = PBXResourcesBuildPhase;
			buildActionMask = 2147483647;
			files = (
				0429D0C92BE3B2260036EBA2 /* Preview Assets.xcassets in Resources */,
				0429D0C62BE3B2260036EBA2 /* Assets.xcassets in Resources */,
			);
			runOnlyForDeploymentPostprocessing = 0;
		};
		0429D0CC2BE3B2270036EBA2 /* Resources */ = {
			isa = PBXResourcesBuildPhase;
			buildActionMask = 2147483647;
			files = (
			);
			runOnlyForDeploymentPostprocessing = 0;
		};
		0429D0D62BE3B2270036EBA2 /* Resources */ = {
			isa = PBXResourcesBuildPhase;
			buildActionMask = 2147483647;
			files = (
			);
			runOnlyForDeploymentPostprocessing = 0;
		};
/* End PBXResourcesBuildPhase section */

/* Begin PBXSourcesBuildPhase section */
		0429D0BA2BE3B2250036EBA2 /* Sources */ = {
			isa = PBXSourcesBuildPhase;
			buildActionMask = 2147483647;
			files = (
				0429D0C42BE3B2250036EBA2 /* ContentView.swift in Sources */,
				0429D0C22BE3B2250036EBA2 /* ChatAIAppApp.swift in Sources */,
			);
			runOnlyForDeploymentPostprocessing = 0;
		};
		0429D0CA2BE3B2270036EBA2 /* Sources */ = {
			isa = PBXSourcesBuildPhase;
			buildActionMask = 2147483647;
			files = (
				0429D0D32BE3B2270036EBA2 /* ChatAIAppTests.swift in Sources */,
			);
			runOnlyForDeploymentPostprocessing = 0;
		};
		0429D0D42BE3B2270036EBA2 /* Sources */ = {
			isa = PBXSourcesBuildPhase;
			buildActionMask = 2147483647;
			files = (
				0429D0DF2BE3B2270036EBA2 /* ChatAIAppUITestsLaunchTests.swift in Sources */,
				0429D0DD2BE3B2270036EBA2 /* ChatAIAppUITests.swift in Sources */,
			);
			runOnlyForDeploymentPostprocessing = 0;
		};
/* End PBXSourcesBuildPhase section */

/* Begin PBXTargetDependency section */
		0429D0D02BE3B2270036EBA2 /* PBXTargetDependency */ = {
			isa = PBXTargetDependency;
			target = 0429D0BD2BE3B2250036EBA2 /* ChatAIApp */;
			targetProxy = 0429D0CF2BE3B2270036EBA2 /* PBXContainerItemProxy */;
		};
		0429D0DA2BE3B2270036EBA2 /* PBXTargetDependency */ = {
			isa = PBXTargetDependency;
			target = 0429D0BD2BE3B2250036EBA2 /* ChatAIApp */;
			targetProxy = 0429D0D92BE3B2270036EBA2 /* PBXContainerItemProxy */;
		};
/* End PBXTargetDependency section */

/* Begin XCBuildConfiguration section */
		0429D0E02BE3B2270036EBA2 /* Debug */ = {
			isa = XCBuildConfiguration;
			buildSettings = {
				ALWAYS_SEARCH_USER_PATHS = NO;
				ASSETCATALOG_COMPILER_GENERATE_SWIFT_ASSET_SYMBOL_EXTENSIONS = YES;
				CLANG_ANALYZER_NONNULL = YES;
				CLANG_ANALYZER_NUMBER_OBJECT_CONVERSION = YES_AGGRESSIVE;
				CLANG_CXX_LANGUAGE_STANDARD = "gnu++20";
				CLANG_ENABLE_MODULES = YES;
				CLANG_ENABLE_OBJC_ARC = YES;
				CLANG_ENABLE_OBJC_WEAK = YES;
				CLANG_WARN_BLOCK_CAPTURE_AUTORELEASING = YES;
				CLANG_WARN_BOOL_CONVERSION = YES;
				CLANG_WARN_COMMA = YES;
				CLANG_WARN_CONSTANT_CONVERSION = YES;
				CLANG_WARN_DEPRECATED_OBJC_IMPLEMENTATIONS = YES;
				CLANG_WARN_DIRECT_OBJC_ISA_USAGE = YES_ERROR;
				CLANG_WARN_DOCUMENTATION_COMMENTS = YES;
				CLANG_WARN_EMPTY_BODY = YES;
				CLANG_WARN_ENUM_CONVERSION = YES;
				CLANG_WARN_INFINITE_RECURSION = YES;
				CLANG_WARN_INT_CONVERSION = YES;
				CLANG_WARN_NON_LITERAL_NULL_CONVERSION = YES;
				CLANG_WARN_OBJC_IMPLICIT_RETAIN_SELF = YES;
				CLANG_WARN_OBJC_LITERAL_CONVERSION = YES;
				CLANG_WARN_OBJC_ROOT_CLASS = YES_ERROR;
				CLANG_WARN_QUOTED_INCLUDE_IN_FRAMEWORK_HEADER = YES;
				CLANG_WARN_RANGE_LOOP_ANALYSIS = YES;
				CLANG_WARN_STRICT_PROTOTYPES = YES;
				CLANG_WARN_SUSPICIOUS_MOVE = YES;
				CLANG_WARN_UNGUARDED_AVAILABILITY = YES_AGGRESSIVE;
				CLANG_WARN_UNREACHABLE_CODE = YES;
				CLANG_WARN__DUPLICATE_METHOD_MATCH = YES;
				COPY_PHASE_STRIP = NO;
				DEBUG_INFORMATION_FORMAT = dwarf;
				ENABLE_STRICT_OBJC_MSGSEND = YES;
				ENABLE_TESTABILITY = YES;
				ENABLE_USER_SCRIPT_SANDBOXING = YES;
				GCC_C_LANGUAGE_STANDARD = gnu17;
				GCC_DYNAMIC_NO_PIC = NO;
				GCC_NO_COMMON_BLOCKS = YES;
				GCC_OPTIMIZATION_LEVEL = 0;
				GCC_PREPROCESSOR_DEFINITIONS = (
					"DEBUG=1",
					"$(inherited)",
				);
				GCC_WARN_64_TO_32_BIT_CONVERSION = YES;
				GCC_WARN_ABOUT_RETURN_TYPE = YES_ERROR;
				GCC_WARN_UNDECLARED_SELECTOR = YES;
				GCC_WARN_UNINITIALIZED_AUTOS = YES_AGGRESSIVE;
				GCC_WARN_UNUSED_FUNCTION = YES;
				GCC_WARN_UNUSED_VARIABLE = YES;
				IPHONEOS_DEPLOYMENT_TARGET = 17.4;
				LOCALIZATION_PREFERS_STRING_CATALOGS = YES;
				MTL_ENABLE_DEBUG_INFO = INCLUDE_SOURCE;
				MTL_FAST_MATH = YES;
				ONLY_ACTIVE_ARCH = YES;
				SDKROOT = iphoneos;
				SWIFT_ACTIVE_COMPILATION_CONDITIONS = "DEBUG $(inherited)";
				SWIFT_OPTIMIZATION_LEVEL = "-Onone";
			};
			name = Debug;
		};
		0429D0E12BE3B2270036EBA2 /* Release */ = {
			isa = XCBuildConfiguration;
			buildSettings = {
				ALWAYS_SEARCH_USER_PATHS = NO;
				ASSETCATALOG_COMPILER_GENERATE_SWIFT_ASSET_SYMBOL_EXTENSIONS = YES;
				CLANG_ANALYZER_NONNULL = YES;
				CLANG_ANALYZER_NUMBER_OBJECT_CONVERSION = YES_AGGRESSIVE;
				CLANG_CXX_LANGUAGE_STANDARD = "gnu++20";
				CLANG_ENABLE_MODULES = YES;
				CLANG_ENABLE_OBJC_ARC = YES;
				CLANG_ENABLE_OBJC_WEAK = YES;
				CLANG_WARN_BLOCK_CAPTURE_AUTORELEASING = YES;
				CLANG_WARN_BOOL_CONVERSION = YES;
				CLANG_WARN_COMMA = YES;
				CLANG_WARN_CONSTANT_CONVERSION = YES;
				CLANG_WARN_DEPRECATED_OBJC_IMPLEMENTATIONS = YES;
				CLANG_WARN_DIRECT_OBJC_ISA_USAGE = YES_ERROR;
				CLANG_WARN_DOCUMENTATION_COMMENTS = YES;
				CLANG_WARN_EMPTY_BODY = YES;
				CLANG_WARN_ENUM_CONVERSION = YES;
				CLANG_WARN_INFINITE_RECURSION = YES;
				CLANG_WARN_INT_CONVERSION = YES;
				CLANG_WARN_NON_LITERAL_NULL_CONVERSION = YES;
				CLANG_WARN_OBJC_IMPLICIT_RETAIN_SELF = YES;
				CLANG_WARN_OBJC_LITERAL_CONVERSION = YES;
				CLANG_WARN_OBJC_ROOT_CLASS = YES_ERROR;
				CLANG_WARN_QUOTED_INCLUDE_IN_FRAMEWORK_HEADER = YES;
				CLANG_WARN_RANGE_LOOP_ANALYSIS = YES;
				CLANG_WARN_STRICT_PROTOTYPES = YES;
				CLANG_WARN_SUSPICIOUS_MOVE = YES;
				CLANG_WARN_UNGUARDED_AVAILABILITY = YES_AGGRESSIVE;
				CLANG_WARN_UNREACHABLE_CODE = YES;
				CLANG_WARN__DUPLICATE_METHOD_MATCH = YES;
				COPY_PHASE_STRIP = NO;
				DEBUG_INFORMATION_FORMAT = "dwarf-with-dsym";
				ENABLE_NS_ASSERTIONS = NO;
				ENABLE_STRICT_OBJC_MSGSEND = YES;
				ENABLE_USER_SCRIPT_SANDBOXING = YES;
				GCC_C_LANGUAGE_STANDARD = gnu17;
				GCC_NO_COMMON_BLOCKS = YES;
				GCC_WARN_64_TO_32_BIT_CONVERSION = YES;
				GCC_WARN_ABOUT_RETURN_TYPE = YES_ERROR;
				GCC_WARN_UNDECLARED_SELECTOR = YES;
				GCC_WARN_UNINITIALIZED_AUTOS = YES_AGGRESSIVE;
				GCC_WARN_UNUSED_FUNCTION = YES;
				GCC_WARN_UNUSED_VARIABLE = YES;
				IPHONEOS_DEPLOYMENT_TARGET = 17.4;
				LOCALIZATION_PREFERS_STRING_CATALOGS = YES;
				MTL_ENABLE_DEBUG_INFO = NO;
				MTL_FAST_MATH = YES;
				SDKROOT = iphoneos;
				SWIFT_COMPILATION_MODE = wholemodule;
				VALIDATE_PRODUCT = YES;
			};
			name = Release;
		};
		0429D0E32BE3B2270036EBA2 /* Debug */ = {
			isa = XCBuildConfiguration;
			buildSettings = {
				ASSETCATALOG_COMPILER_APPICON_NAME = AppIcon;
				ASSETCATALOG_COMPILER_GLOBAL_ACCENT_COLOR_NAME = AccentColor;
				CODE_SIGN_STYLE = Automatic;
				CURRENT_PROJECT_VERSION = 1;
				DEVELOPMENT_ASSET_PATHS = "\"ChatAIApp/Preview Content\"";
				ENABLE_PREVIEWS = YES;
				GENERATE_INFOPLIST_FILE = YES;
				INFOPLIST_KEY_UIApplicationSceneManifest_Generation = YES;
				INFOPLIST_KEY_UIApplicationSupportsIndirectInputEvents = YES;
				INFOPLIST_KEY_UILaunchScreen_Generation = YES;
				INFOPLIST_KEY_UISupportedInterfaceOrientations_iPad = "UIInterfaceOrientationPortrait UIInterfaceOrientationPortraitUpsideDown UIInterfaceOrientationLandscapeLeft UIInterfaceOrientationLandscapeRight";
				INFOPLIST_KEY_UISupportedInterfaceOrientations_iPhone = "UIInterfaceOrientationPortrait UIInterfaceOrientationLandscapeLeft UIInterfaceOrientationLandscapeRight";
				LD_RUNPATH_SEARCH_PATHS = (
					"$(inherited)",
					"@executable_path/Frameworks",
				);
				MARKETING_VERSION = 1.0;
				PRODUCT_BUNDLE_IDENTIFIER = itkhld.ChatAIApp;
				PRODUCT_NAME = "$(TARGET_NAME)";
				SWIFT_EMIT_LOC_STRINGS = YES;
				SWIFT_VERSION = 5.0;
				TARGETED_DEVICE_FAMILY = "1,2";
			};
			name = Debug;
		};
		0429D0E42BE3B2270036EBA2 /* Release */ = {
			isa = XCBuildConfiguration;
			buildSettings = {
				ASSETCATALOG_COMPILER_APPICON_NAME = AppIcon;
				ASSETCATALOG_COMPILER_GLOBAL_ACCENT_COLOR_NAME = AccentColor;
				CODE_SIGN_STYLE = Automatic;
				CURRENT_PROJECT_VERSION = 1;
				DEVELOPMENT_ASSET_PATHS = "\"ChatAIApp/Preview Content\"";
				ENABLE_PREVIEWS = YES;
				GENERATE_INFOPLIST_FILE = YES;
				INFOPLIST_KEY_UIApplicationSceneManifest_Generation = YES;
				INFOPLIST_KEY_UIApplicationSupportsIndirectInputEvents = YES;
				INFOPLIST_KEY_UILaunchScreen_Generation = YES;
				INFOPLIST_KEY_UISupportedInterfaceOrientations_iPad = "UIInterfaceOrientationPortrait UIInterfaceOrientationPortraitUpsideDown UIInterfaceOrientationLandscapeLeft UIInterfaceOrientationLandscapeRight";
				INFOPLIST_KEY_UISupportedInterfaceOrientations_iPhone = "UIInterfaceOrientationPortrait UIInterfaceOrientationLandscapeLeft UIInterfaceOrientationLandscapeRight";
				LD_RUNPATH_SEARCH_PATHS = (
					"$(inherited)",
					"@executable_path/Frameworks",
				);
				MARKETING_VERSION = 1.0;
				PRODUCT_BUNDLE_IDENTIFIER = itkhld.ChatAIApp;
				PRODUCT_NAME = "$(TARGET_NAME)";
				SWIFT_EMIT_LOC_STRINGS = YES;
				SWIFT_VERSION = 5.0;
				TARGETED_DEVICE_FAMILY = "1,2";
			};
			name = Release;
		};
		0429D0E62BE3B2270036EBA2 /* Debug */ = {
			isa = XCBuildConfiguration;
			buildSettings = {
				ALWAYS_EMBED_SWIFT_STANDARD_LIBRARIES = YES;
				BUNDLE_LOADER = "$(TEST_HOST)";
				CODE_SIGN_STYLE = Automatic;
				CURRENT_PROJECT_VERSION = 1;
				GENERATE_INFOPLIST_FILE = YES;
				IPHONEOS_DEPLOYMENT_TARGET = 17.4;
				MARKETING_VERSION = 1.0;
				PRODUCT_BUNDLE_IDENTIFIER = itkhld.ChatAIAppTests;
				PRODUCT_NAME = "$(TARGET_NAME)";
				SWIFT_EMIT_LOC_STRINGS = NO;
				SWIFT_VERSION = 5.0;
				TARGETED_DEVICE_FAMILY = "1,2";
				TEST_HOST = "$(BUILT_PRODUCTS_DIR)/ChatAIApp.app/$(BUNDLE_EXECUTABLE_FOLDER_PATH)/ChatAIApp";
			};
			name = Debug;
		};
		0429D0E72BE3B2270036EBA2 /* Release */ = {
			isa = XCBuildConfiguration;
			buildSettings = {
				ALWAYS_EMBED_SWIFT_STANDARD_LIBRARIES = YES;
				BUNDLE_LOADER = "$(TEST_HOST)";
				CODE_SIGN_STYLE = Automatic;
				CURRENT_PROJECT_VERSION = 1;
				GENERATE_INFOPLIST_FILE = YES;
				IPHONEOS_DEPLOYMENT_TARGET = 17.4;
				MARKETING_VERSION = 1.0;
				PRODUCT_BUNDLE_IDENTIFIER = itkhld.ChatAIAppTests;
				PRODUCT_NAME = "$(TARGET_NAME)";
				SWIFT_EMIT_LOC_STRINGS = NO;
				SWIFT_VERSION = 5.0;
				TARGETED_DEVICE_FAMILY = "1,2";
				TEST_HOST = "$(BUILT_PRODUCTS_DIR)/ChatAIApp.app/$(BUNDLE_EXECUTABLE_FOLDER_PATH)/ChatAIApp";
			};
			name = Release;
		};
		0429D0E92BE3B2270036EBA2 /* Debug */ = {
			isa = XCBuildConfiguration;
			buildSettings = {
				ALWAYS_EMBED_SWIFT_STANDARD_LIBRARIES = YES;
				CODE_SIGN_STYLE = Automatic;
				CURRENT_PROJECT_VERSION = 1;
				GENERATE_INFOPLIST_FILE = YES;
				MARKETING_VERSION = 1.0;
				PRODUCT_BUNDLE_IDENTIFIER = itkhld.ChatAIAppUITests;
				PRODUCT_NAME = "$(TARGET_NAME)";
				SWIFT_EMIT_LOC_STRINGS = NO;
				SWIFT_VERSION = 5.0;
				TARGETED_DEVICE_FAMILY = "1,2";
				TEST_TARGET_NAME = ChatAIApp;
			};
			name = Debug;
		};
		0429D0EA2BE3B2270036EBA2 /* Release */ = {
			isa = XCBuildConfiguration;
			buildSettings = {
				ALWAYS_EMBED_SWIFT_STANDARD_LIBRARIES = YES;
				CODE_SIGN_STYLE = Automatic;
				CURRENT_PROJECT_VERSION = 1;
				GENERATE_INFOPLIST_FILE = YES;
				MARKETING_VERSION = 1.0;
				PRODUCT_BUNDLE_IDENTIFIER = itkhld.ChatAIAppUITests;
				PRODUCT_NAME = "$(TARGET_NAME)";
				SWIFT_EMIT_LOC_STRINGS = NO;
				SWIFT_VERSION = 5.0;
				TARGETED_DEVICE_FAMILY = "1,2";
				TEST_TARGET_NAME = ChatAIApp;
			};
			name = Release;
		};
/* End XCBuildConfiguration section */

/* Begin XCConfigurationList section */
		0429D0B92BE3B2250036EBA2 /* Build configuration list for PBXProject "ChatAIApp" */ = {
			isa = XCConfigurationList;
			buildConfigurations = (
				0429D0E02BE3B2270036EBA2 /* Debug */,
				0429D0E12BE3B2270036EBA2 /* Release */,
			);
			defaultConfigurationIsVisible = 0;
			defaultConfigurationName = Release;
		};
		0429D0E22BE3B2270036EBA2 /* Build configuration list for PBXNativeTarget "ChatAIApp" */ = {
			isa = XCConfigurationList;
			buildConfigurations = (
				0429D0E32BE3B2270036EBA2 /* Debug */,
				0429D0E42BE3B2270036EBA2 /* Release */,
			);
			defaultConfigurationIsVisible = 0;
			defaultConfigurationName = Release;
		};
		0429D0E52BE3B2270036EBA2 /* Build configuration list for PBXNativeTarget "ChatAIAppTests" */ = {
			isa = XCConfigurationList;
			buildConfigurations = (
				0429D0E62BE3B2270036EBA2 /* Debug */,
				0429D0E72BE3B2270036EBA2 /* Release */,
			);
			defaultConfigurationIsVisible = 0;
			defaultConfigurationName = Release;
		};
		0429D0E82BE3B2270036EBA2 /* Build configuration list for PBXNativeTarget "ChatAIAppUITests" */ = {
			isa = XCConfigurationList;
			buildConfigurations = (
				0429D0E92BE3B2270036EBA2 /* Debug */,
				0429D0EA2BE3B2270036EBA2 /* Release */,
			);
			defaultConfigurationIsVisible = 0;
			defaultConfigurationName = Release;
		};
/* End XCConfigurationList section */

/* Begin XCRemoteSwiftPackageReference section */
		0429D0EB2BE3B2AE0036EBA2 /* XCRemoteSwiftPackageReference "OpenAISwift" */ = {
			isa = XCRemoteSwiftPackageReference;
			repositoryURL = "https://github.com/adamrushy/OpenAISwift";
			requirement = {
				kind = upToNextMajorVersion;
				minimumVersion = 1.4.1;
			};
		};
/* End XCRemoteSwiftPackageReference section */

/* Begin XCSwiftPackageProductDependency section */
		0429D0EC2BE3B2AE0036EBA2 /* OpenAISwift */ = {
			isa = XCSwiftPackageProductDependency;
			package = 0429D0EB2BE3B2AE0036EBA2 /* XCRemoteSwiftPackageReference "OpenAISwift" */;
			productName = OpenAISwift;
		};
/* End XCSwiftPackageProductDependency section */
	};
	rootObject = 0429D0B62BE3B2250036EBA2 /* Project object */;
}
